
Microsoft Visual Studio Solution File, Format Version 12.00
# Visual Studio Version 17
VisualStudioVersion = 17.7.34009.444
MinimumVisualStudioVersion = 10.0.40219.1
Project("{9A19103F-16F7-4668-BE54-9A1E7A4F7556}") = "WireBugMod", "WireBugMod.csproj", "{33F6E115-A8B6-4C5E-B217-7D56461E5478}"
EndProject
Global
	GlobalSection(SolutionConfigurationPlatforms) = preSolution
		Debug|Any CPU = Debug|Any CPU
		Release|Any CPU = Release|Any CPU
	EndGlobalSection
	GlobalSection(ProjectConfigurationPlatforms) = postSolution
		{33F6E115-A8B6-4C5E-B217-7D56461E5478}.Debug|Any CPU.ActiveCfg = Debug|Any CPU
		{33F6E115-A8B6-4C5E-B217-7D56461E5478}.Debug|Any CPU.Build.0 = Debug|Any CPU
		{33F6E115-A8B6-4C5E-B217-7D56461E5478}.Release|Any CPU.ActiveCfg = Release|Any CPU
		{33F6E115-A8B6-4C5E-B217-7D56461E5478}.Release|Any CPU.Build.0 = Release|Any CPU
	EndGlobalSection
	GlobalSection(SolutionProperties) = preSolution
		HideSolutionNode = FALSE
	EndGlobalSection
	GlobalSection(ExtensibilityGlobals) = postSolution
		SolutionGuid = {0342C93B-7D77-4CBA-9AAA-3B4B08F04D81}
	EndGlobalSection
EndGlobal
